<?xml version="1.0" encoding="utf-8"?>
<Project ToolsVersion="4.0" xmlns="http://schemas.microsoft.com/developer/msbuild/2003">
  <ItemGroup>
    <Filter Include="Source Files">
      <UniqueIdentifier>{4FC737F1-C7A5-4376-A066-2A32D752A2FF}</UniqueIdentifier>
      <Extensions>cpp;c;cc;cxx;c++;cppm;ixx;def;odl;idl;hpj;bat;asm;asmx</Extensions>
    </Filter>
    <Filter Include="Header Files">
      <UniqueIdentifier>{93995380-89BD-4b04-88EB-625FBE52EBFB}</UniqueIdentifier>
      <Extensions>h;hh;hpp;hxx;h++;hm;inl;inc;ipp;xsd</Extensions>
    </Filter>
    <Filter Include="Resource Files">
      <UniqueIdentifier>{67DA6AB6-F800-4c08-8B7A-83BB121AAD01}</UniqueIdentifier>
      <Extensions>rc;ico;cur;bmp;dlg;rc2;rct;bin;rgs;gif;jpg;jpeg;jpe;resx;tiff;tif;png;wav;mfcribbon-ms</Extensions>
    </Filter>
    <Filter Include="Header Files\Polygons">
      <UniqueIdentifier>{1abffe1d-6ac0-482d-8b97-2b8b98e6696b}</UniqueIdentifier>
    </Filter>
    <Filter Include="Source Files\Polygons">
      <UniqueIdentifier>{d327a3f3-7f4c-4b44-94dd-89ada2cc0ac8}</UniqueIdentifier>
    </Filter>
    <Filter Include="Header Files\GDSII">
      <UniqueIdentifier>{21ef2f06-0310-45fe-ac20-a44f656c5caf}</UniqueIdentifier>
    </Filter>
    <Filter Include="Source Files\GDSII">
      <UniqueIdentifier>{9facf9ed-8627-47f3-bfa8-236623f71cf6}</UniqueIdentifier>
    </Filter>
    <Filter Include="Header Files\GDSII\Elements">
      <UniqueIdentifier>{d08cf23d-5d09-471d-9897-dab947e055c5}</UniqueIdentifier>
    </Filter>
  </ItemGroup>
  <ItemGroup>
    <ClCompile Include="connector.cpp">
      <Filter>Source Files\Polygons</Filter>
    </ClCompile>
    <ClCompile Include="contour.cpp">
      <Filter>Source Files\Polygons</Filter>
    </ClCompile>
    <ClCompile Include="polygon.cpp">
      <Filter>Source Files\Polygons</Filter>
    </ClCompile>
    <ClCompile Include="segment.cpp">
      <Filter>Source Files\Polygons</Filter>
    </ClCompile>
    <ClCompile Include="sweep_martinez.cpp">
      <Filter>Source Files\Polygons</Filter>
    </ClCompile>
    <ClCompile Include="sweep_union.cpp">
      <Filter>Source Files\Polygons</Filter>
    </ClCompile>
    <ClCompile Include="Caliper.cpp">
      <Filter>Source Files</Filter>
    </ClCompile>
    <ClCompile Include="gdsii_constants.cpp">
      <Filter>Source Files\GDSII</Filter>
    </ClCompile>
    <ClCompile Include="gdsii_io.cpp">
      <Filter>Source Files\GDSII</Filter>
    </ClCompile>
  </ItemGroup>
  <ItemGroup>
    <ClInclude Include="..\Caliper.Polygons\framework.h">
      <Filter>Header Files</Filter>
    </ClInclude>
    <ClInclude Include="contour.h">
      <Filter>Header Files\Polygons</Filter>
    </ClInclude>
    <ClInclude Include="connector.h">
      <Filter>Header Files\Polygons</Filter>
    </ClInclude>
    <ClInclude Include="point.h">
      <Filter>Header Files\Polygons</Filter>
    </ClInclude>
    <ClInclude Include="polygon.h">
      <Filter>Header Files\Polygons</Filter>
    </ClInclude>
    <ClInclude Include="segment.h">
      <Filter>Header Files\Polygons</Filter>
    </ClInclude>
    <ClInclude Include="sweep_event.h">
      <Filter>Header Files\Polygons</Filter>
    </ClInclude>
    <ClInclude Include="sweep_event_martinez.h">
      <Filter>Header Files\Polygons</Filter>
    </ClInclude>
    <ClInclude Include="sweep_event_union.h">
      <Filter>Header Files\Polygons</Filter>
    </ClInclude>
    <ClInclude Include="sweep_martinez.h">
      <Filter>Header Files\Polygons</Filter>
    </ClInclude>
    <ClInclude Include="sweep_union.h">
      <Filter>Header Files\Polygons</Filter>
    </ClInclude>
    <ClInclude Include="gdsii.h">
      <Filter>Header Files\GDSII</Filter>
    </ClInclude>
    <ClInclude Include="gdsii_constants.h">
      <Filter>Header Files\GDSII</Filter>
    </ClInclude>
    <ClInclude Include="gdsii_path.h">
      <Filter>Header Files\GDSII\Elements</Filter>
    </ClInclude>
    <ClInclude Include="gdsii_sref.h">
      <Filter>Header Files\GDSII\Elements</Filter>
    </ClInclude>
    <ClInclude Include="gdsii_boundary.h">
      <Filter>Header Files\GDSII\Elements</Filter>
    </ClInclude>
    <ClInclude Include="gdsii_aref.h">
      <Filter>Header Files\GDSII\Elements</Filter>
    </ClInclude>
    <ClInclude Include="gdsii_text.h">
      <Filter>Header Files\GDSII\Elements</Filter>
    </ClInclude>
    <ClInclude Include="gdsii_box.h">
      <Filter>Header Files\GDSII\Elements</Filter>
    </ClInclude>
    <ClInclude Include="gdsii_node.h">
      <Filter>Header Files\GDSII\Elements</Filter>
    </ClInclude>
    <ClInclude Include="gdsii_structure.h">
      <Filter>Header Files\GDSII</Filter>
    </ClInclude>
    <ClInclude Include="gdsii_io.h">
      <Filter>Header Files\GDSII</Filter>
    </ClInclude>
    <ClInclude Include="gdsii_transform.h">
      <Filter>Header Files\GDSII</Filter>
    </ClInclude>
    <ClInclude Include="gdsii_xy.h">
      <Filter>Header Files\GDSII</Filter>
    </ClInclude>
    <ClInclude Include="gdsii_timestamp.h">
      <Filter>Header Files\GDSII</Filter>
    </ClInclude>
    <ClInclude Include="gdsii_units.h">
      <Filter>Header Files\GDSII</Filter>
    </ClInclude>
    <ClInclude Include="gdsii_elements.h">
      <Filter>Header Files\GDSII\Elements</Filter>
    </ClInclude>
    <ClInclude Include="gdsii_colrow.h">
      <Filter>Header Files\GDSII</Filter>
    </ClInclude>
  </ItemGroup>
</Project>